// !$*UTF8*$!
{
	archiveVersion = 1;
	classes = {
	};
	objectVersion = 46;
	objects = {

/* Begin PBXBuildFile section */
		71C2E3851C5F7C33005F17B0 /* AppDelegate.swift in Sources */ = {isa = PBXBuildFile; fileRef = 71C2E3841C5F7C33005F17B0 /* AppDelegate.swift */; };
		71C2E3871C5F7C33005F17B0 /* ViewController.swift in Sources */ = {isa = PBXBuildFile; fileRef = 71C2E3861C5F7C33005F17B0 /* ViewController.swift */; };
		71C2E38A1C5F7C33005F17B0 /* Main.storyboard in Resources */ = {isa = PBXBuildFile; fileRef = 71C2E3881C5F7C33005F17B0 /* Main.storyboard */; };
		71C2E38C1C5F7C33005F17B0 /* Assets.xcassets in Resources */ = {isa = PBXBuildFile; fileRef = 71C2E38B1C5F7C33005F17B0 /* Assets.xcassets */; };
		71C2E38F1C5F7C33005F17B0 /* LaunchScreen.storyboard in Resources */ = {isa = PBXBuildFile; fileRef = 71C2E38D1C5F7C33005F17B0 /* LaunchScreen.storyboard */; };
		71C2E3971C5F7C5D005F17B0 /* Accounts.framework in Frameworks */ = {isa = PBXBuildFile; fileRef = 71C2E3961C5F7C5D005F17B0 /* Accounts.framework */; };
		71C2E3991C5F7C63005F17B0 /* Social.framework in Frameworks */ = {isa = PBXBuildFile; fileRef = 71C2E3981C5F7C63005F17B0 /* Social.framework */; };
		71C2E39C1C5F7CA4005F17B0 /* TFTwitterAccessManager.swift in Sources */ = {isa = PBXBuildFile; fileRef = 71C2E39B1C5F7CA4005F17B0 /* TFTwitterAccessManager.swift */; };
		71C2E39F1C5FD037005F17B0 /* TFTweet.swift in Sources */ = {isa = PBXBuildFile; fileRef = 71C2E39E1C5FD037005F17B0 /* TFTweet.swift */; };
		71C2E3B11C60CB0F005F17B0 /* Image.swift in Sources */ = {isa = PBXBuildFile; fileRef = 71C2E3A41C60CB0F005F17B0 /* Image.swift */; };
		71C2E3B21C60CB0F005F17B0 /* ImageCache.swift in Sources */ = {isa = PBXBuildFile; fileRef = 71C2E3A51C60CB0F005F17B0 /* ImageCache.swift */; };
		71C2E3B31C60CB0F005F17B0 /* ImageDownloader.swift in Sources */ = {isa = PBXBuildFile; fileRef = 71C2E3A61C60CB0F005F17B0 /* ImageDownloader.swift */; };
		71C2E3B41C60CB0F005F17B0 /* ImageTransition.swift in Sources */ = {isa = PBXBuildFile; fileRef = 71C2E3A71C60CB0F005F17B0 /* ImageTransition.swift */; };
		71C2E3B51C60CB0F005F17B0 /* ImageView+Kingfisher.swift in Sources */ = {isa = PBXBuildFile; fileRef = 71C2E3A81C60CB0F005F17B0 /* ImageView+Kingfisher.swift */; };
		71C2E3B61C60CB0F005F17B0 /* Info.plist in Resources */ = {isa = PBXBuildFile; fileRef = 71C2E3A91C60CB0F005F17B0 /* Info.plist */; };
		71C2E3B71C60CB0F005F17B0 /* KingfisherManager.swift in Sources */ = {isa = PBXBuildFile; fileRef = 71C2E3AB1C60CB0F005F17B0 /* KingfisherManager.swift */; };
		71C2E3B81C60CB0F005F17B0 /* KingfisherOptionsInfo.swift in Sources */ = {isa = PBXBuildFile; fileRef = 71C2E3AC1C60CB0F005F17B0 /* KingfisherOptionsInfo.swift */; };
		71C2E3B91C60CB0F005F17B0 /* Resource.swift in Sources */ = {isa = PBXBuildFile; fileRef = 71C2E3AD1C60CB0F005F17B0 /* Resource.swift */; };
		71C2E3BA1C60CB0F005F17B0 /* String+MD5.swift in Sources */ = {isa = PBXBuildFile; fileRef = 71C2E3AE1C60CB0F005F17B0 /* String+MD5.swift */; };
		71C2E3BB1C60CB0F005F17B0 /* ThreadHelper.swift in Sources */ = {isa = PBXBuildFile; fileRef = 71C2E3AF1C60CB0F005F17B0 /* ThreadHelper.swift */; };
		71C2E3BC1C60CB0F005F17B0 /* UIButton+Kingfisher.swift in Sources */ = {isa = PBXBuildFile; fileRef = 71C2E3B01C60CB0F005F17B0 /* UIButton+Kingfisher.swift */; };
		71C2E3C11C60CB73005F17B0 /* TFTweetCollectionViewCell.swift in Sources */ = {isa = PBXBuildFile; fileRef = 71C2E3C01C60CB73005F17B0 /* TFTweetCollectionViewCell.swift */; };
		71C2E3C31C60CE10005F17B0 /* TFTweetsCollectionView.swift in Sources */ = {isa = PBXBuildFile; fileRef = 71C2E3C21C60CE10005F17B0 /* TFTweetsCollectionView.swift */; };
		71C2E3C51C60D7EB005F17B0 /* TFTweetCollectionViewCell.xib in Resources */ = {isa = PBXBuildFile; fileRef = 71C2E3C41C60D7EB005F17B0 /* TFTweetCollectionViewCell.xib */; };
		71C2E3C71C60E271005F17B0 /* TFTweetPhoto.swift in Sources */ = {isa = PBXBuildFile; fileRef = 71C2E3C61C60E271005F17B0 /* TFTweetPhoto.swift */; };
/* End PBXBuildFile section */

/* Begin PBXFileReference section */
		71C2E3811C5F7C33005F17B0 /* TwitterFeed.app */ = {isa = PBXFileReference; explicitFileType = wrapper.application; includeInIndex = 0; path = TwitterFeed.app; sourceTree = BUILT_PRODUCTS_DIR; };
		71C2E3841C5F7C33005F17B0 /* AppDelegate.swift */ = {isa = PBXFileReference; lastKnownFileType = sourcecode.swift; path = AppDelegate.swift; sourceTree = "<group>"; };
		71C2E3861C5F7C33005F17B0 /* ViewController.swift */ = {isa = PBXFileReference; lastKnownFileType = sourcecode.swift; path = ViewController.swift; sourceTree = "<group>"; };
		71C2E3891C5F7C33005F17B0 /* Base */ = {isa = PBXFileReference; lastKnownFileType = file.storyboard; name = Base; path = Base.lproj/Main.storyboard; sourceTree = "<group>"; };
		71C2E38B1C5F7C33005F17B0 /* Assets.xcassets */ = {isa = PBXFileReference; lastKnownFileType = folder.assetcatalog; path = Assets.xcassets; sourceTree = "<group>"; };
		71C2E38E1C5F7C33005F17B0 /* Base */ = {isa = PBXFileReference; lastKnownFileType = file.storyboard; name = Base; path = Base.lproj/LaunchScreen.storyboard; sourceTree = "<group>"; };
		71C2E3901C5F7C33005F17B0 /* Info.plist */ = {isa = PBXFileReference; lastKnownFileType = text.plist.xml; path = Info.plist; sourceTree = "<group>"; };
		71C2E3961C5F7C5D005F17B0 /* Accounts.framework */ = {isa = PBXFileReference; lastKnownFileType = wrapper.framework; name = Accounts.framework; path = System/Library/Frameworks/Accounts.framework; sourceTree = SDKROOT; };
		71C2E3981C5F7C63005F17B0 /* Social.framework */ = {isa = PBXFileReference; lastKnownFileType = wrapper.framework; name = Social.framework; path = System/Library/Frameworks/Social.framework; sourceTree = SDKROOT; };
		71C2E39B1C5F7CA4005F17B0 /* TFTwitterAccessManager.swift */ = {isa = PBXFileReference; fileEncoding = 4; lastKnownFileType = sourcecode.swift; name = TFTwitterAccessManager.swift; path = Managers/TFTwitterAccessManager.swift; sourceTree = "<group>"; };
		71C2E39E1C5FD037005F17B0 /* TFTweet.swift */ = {isa = PBXFileReference; fileEncoding = 4; lastKnownFileType = sourcecode.swift; name = TFTweet.swift; path = Model/TFTweet.swift; sourceTree = "<group>"; };
		71C2E3A41C60CB0F005F17B0 /* Image.swift */ = {isa = PBXFileReference; fileEncoding = 4; lastKnownFileType = sourcecode.swift; name = Image.swift; path = Libraries/Kingfisher/Image.swift; sourceTree = "<group>"; };
		71C2E3A51C60CB0F005F17B0 /* ImageCache.swift */ = {isa = PBXFileReference; fileEncoding = 4; lastKnownFileType = sourcecode.swift; name = ImageCache.swift; path = Libraries/Kingfisher/ImageCache.swift; sourceTree = "<group>"; };
		71C2E3A61C60CB0F005F17B0 /* ImageDownloader.swift */ = {isa = PBXFileReference; fileEncoding = 4; lastKnownFileType = sourcecode.swift; name = ImageDownloader.swift; path = Libraries/Kingfisher/ImageDownloader.swift; sourceTree = "<group>"; };
		71C2E3A71C60CB0F005F17B0 /* ImageTransition.swift */ = {isa = PBXFileReference; fileEncoding = 4; lastKnownFileType = sourcecode.swift; name = ImageTransition.swift; path = Libraries/Kingfisher/ImageTransition.swift; sourceTree = "<group>"; };
		71C2E3A81C60CB0F005F17B0 /* ImageView+Kingfisher.swift */ = {isa = PBXFileReference; fileEncoding = 4; lastKnownFileType = sourcecode.swift; name = "ImageView+Kingfisher.swift"; path = "Libraries/Kingfisher/ImageView+Kingfisher.swift"; sourceTree = "<group>"; };
		71C2E3A91C60CB0F005F17B0 /* Info.plist */ = {isa = PBXFileReference; fileEncoding = 4; lastKnownFileType = text.plist.xml; name = Info.plist; path = Libraries/Kingfisher/Info.plist; sourceTree = "<group>"; };
		71C2E3AA1C60CB0F005F17B0 /* Kingfisher.h */ = {isa = PBXFileReference; fileEncoding = 4; lastKnownFileType = sourcecode.c.h; name = Kingfisher.h; path = Libraries/Kingfisher/Kingfisher.h; sourceTree = "<group>"; };
		71C2E3AB1C60CB0F005F17B0 /* KingfisherManager.swift */ = {isa = PBXFileReference; fileEncoding = 4; lastKnownFileType = sourcecode.swift; name = KingfisherManager.swift; path = Libraries/Kingfisher/KingfisherManager.swift; sourceTree = "<group>"; };
		71C2E3AC1C60CB0F005F17B0 /* KingfisherOptionsInfo.swift */ = {isa = PBXFileReference; fileEncoding = 4; lastKnownFileType = sourcecode.swift; name = KingfisherOptionsInfo.swift; path = Libraries/Kingfisher/KingfisherOptionsInfo.swift; sourceTree = "<group>"; };
		71C2E3AD1C60CB0F005F17B0 /* Resource.swift */ = {isa = PBXFileReference; fileEncoding = 4; lastKnownFileType = sourcecode.swift; name = Resource.swift; path = Libraries/Kingfisher/Resource.swift; sourceTree = "<group>"; };
		71C2E3AE1C60CB0F005F17B0 /* String+MD5.swift */ = {isa = PBXFileReference; fileEncoding = 4; lastKnownFileType = sourcecode.swift; name = "String+MD5.swift"; path = "Libraries/Kingfisher/String+MD5.swift"; sourceTree = "<group>"; };
		71C2E3AF1C60CB0F005F17B0 /* ThreadHelper.swift */ = {isa = PBXFileReference; fileEncoding = 4; lastKnownFileType = sourcecode.swift; name = ThreadHelper.swift; path = Libraries/Kingfisher/ThreadHelper.swift; sourceTree = "<group>"; };
		71C2E3B01C60CB0F005F17B0 /* UIButton+Kingfisher.swift */ = {isa = PBXFileReference; fileEncoding = 4; lastKnownFileType = sourcecode.swift; name = "UIButton+Kingfisher.swift"; path = "Libraries/Kingfisher/UIButton+Kingfisher.swift"; sourceTree = "<group>"; };
		71C2E3C01C60CB73005F17B0 /* TFTweetCollectionViewCell.swift */ = {isa = PBXFileReference; fileEncoding = 4; lastKnownFileType = sourcecode.swift; name = TFTweetCollectionViewCell.swift; path = Views/TFTweetCollectionViewCell.swift; sourceTree = "<group>"; };
		71C2E3C21C60CE10005F17B0 /* TFTweetsCollectionView.swift */ = {isa = PBXFileReference; fileEncoding = 4; lastKnownFileType = sourcecode.swift; name = TFTweetsCollectionView.swift; path = Views/TFTweetsCollectionView.swift; sourceTree = "<group>"; };
		71C2E3C41C60D7EB005F17B0 /* TFTweetCollectionViewCell.xib */ = {isa = PBXFileReference; fileEncoding = 4; lastKnownFileType = file.xib; path = TFTweetCollectionViewCell.xib; sourceTree = "<group>"; };
		71C2E3C61C60E271005F17B0 /* TFTweetPhoto.swift */ = {isa = PBXFileReference; fileEncoding = 4; lastKnownFileType = sourcecode.swift; name = TFTweetPhoto.swift; path = Model/TFTweetPhoto.swift; sourceTree = "<group>"; };
/* End PBXFileReference section */

/* Begin PBXFrameworksBuildPhase section */
		71C2E37E1C5F7C33005F17B0 /* Frameworks */ = {
			isa = PBXFrameworksBuildPhase;
			buildActionMask = 2147483647;
			files = (
				71C2E3991C5F7C63005F17B0 /* Social.framework in Frameworks */,
				71C2E3971C5F7C5D005F17B0 /* Accounts.framework in Frameworks */,
			);
			runOnlyForDeploymentPostprocessing = 0;
		};
/* End PBXFrameworksBuildPhase section */

/* Begin PBXGroup section */
		71C2E3781C5F7C33005F17B0 = {
			isa = PBXGroup;
			children = (
				71C2E3981C5F7C63005F17B0 /* Social.framework */,
				71C2E3961C5F7C5D005F17B0 /* Accounts.framework */,
				71C2E3831C5F7C33005F17B0 /* TwitterFeed */,
				71C2E3821C5F7C33005F17B0 /* Products */,
			);
			sourceTree = "<group>";
		};
		71C2E3821C5F7C33005F17B0 /* Products */ = {
			isa = PBXGroup;
			children = (
				71C2E3811C5F7C33005F17B0 /* TwitterFeed.app */,
			);
			name = Products;
			sourceTree = "<group>";
		};
		71C2E3831C5F7C33005F17B0 /* TwitterFeed */ = {
			isa = PBXGroup;
			children = (
				71C2E3A21C60CAA6005F17B0 /* Libraries */,
				71C2E39D1C5FD000005F17B0 /* Model */,
				71C2E39A1C5F7C6E005F17B0 /* Managers */,
				71C2E3BD1C60CB28005F17B0 /* Views */,
				71C2E3841C5F7C33005F17B0 /* AppDelegate.swift */,
				71C2E3861C5F7C33005F17B0 /* ViewController.swift */,
				71C2E3881C5F7C33005F17B0 /* Main.storyboard */,
				71C2E38B1C5F7C33005F17B0 /* Assets.xcassets */,
				71C2E38D1C5F7C33005F17B0 /* LaunchScreen.storyboard */,
				71C2E3901C5F7C33005F17B0 /* Info.plist */,
			);
			path = TwitterFeed;
			sourceTree = "<group>";
		};
		71C2E39A1C5F7C6E005F17B0 /* Managers */ = {
			isa = PBXGroup;
			children = (
				71C2E39B1C5F7CA4005F17B0 /* TFTwitterAccessManager.swift */,
			);
			name = Managers;
			sourceTree = "<group>";
		};
		71C2E39D1C5FD000005F17B0 /* Model */ = {
			isa = PBXGroup;
			children = (
				71C2E39E1C5FD037005F17B0 /* TFTweet.swift */,
				71C2E3C61C60E271005F17B0 /* TFTweetPhoto.swift */,
			);
			name = Model;
			sourceTree = "<group>";
		};
		71C2E3A21C60CAA6005F17B0 /* Libraries */ = {
			isa = PBXGroup;
			children = (
				71C2E3A31C60CAAE005F17B0 /* Kingfisher */,
			);
			name = Libraries;
			sourceTree = "<group>";
		};
		71C2E3A31C60CAAE005F17B0 /* Kingfisher */ = {
			isa = PBXGroup;
			children = (
				71C2E3A41C60CB0F005F17B0 /* Image.swift */,
				71C2E3A51C60CB0F005F17B0 /* ImageCache.swift */,
				71C2E3A61C60CB0F005F17B0 /* ImageDownloader.swift */,
				71C2E3A71C60CB0F005F17B0 /* ImageTransition.swift */,
				71C2E3A81C60CB0F005F17B0 /* ImageView+Kingfisher.swift */,
				71C2E3A91C60CB0F005F17B0 /* Info.plist */,
				71C2E3AA1C60CB0F005F17B0 /* Kingfisher.h */,
				71C2E3AB1C60CB0F005F17B0 /* KingfisherManager.swift */,
				71C2E3AC1C60CB0F005F17B0 /* KingfisherOptionsInfo.swift */,
				71C2E3AD1C60CB0F005F17B0 /* Resource.swift */,
				71C2E3AE1C60CB0F005F17B0 /* String+MD5.swift */,
				71C2E3AF1C60CB0F005F17B0 /* ThreadHelper.swift */,
				71C2E3B01C60CB0F005F17B0 /* UIButton+Kingfisher.swift */,
			);
			name = Kingfisher;
			sourceTree = "<group>";
		};
		71C2E3BD1C60CB28005F17B0 /* Views */ = {
			isa = PBXGroup;
			children = (
				71C2E3C01C60CB73005F17B0 /* TFTweetCollectionViewCell.swift */,
				71C2E3C41C60D7EB005F17B0 /* TFTweetCollectionViewCell.xib */,
				71C2E3C21C60CE10005F17B0 /* TFTweetsCollectionView.swift */,
			);
			name = Views;
			sourceTree = "<group>";
		};
/* End PBXGroup section */

/* Begin PBXNativeTarget section */
		71C2E3801C5F7C33005F17B0 /* TwitterFeed */ = {
			isa = PBXNativeTarget;
			buildConfigurationList = 71C2E3931C5F7C33005F17B0 /* Build configuration list for PBXNativeTarget "TwitterFeed" */;
			buildPhases = (
				71C2E37D1C5F7C33005F17B0 /* Sources */,
				71C2E37E1C5F7C33005F17B0 /* Frameworks */,
				71C2E37F1C5F7C33005F17B0 /* Resources */,
			);
			buildRules = (
			);
			dependencies = (
			);
			name = TwitterFeed;
			productName = TwitterFeed;
			productReference = 71C2E3811C5F7C33005F17B0 /* TwitterFeed.app */;
			productType = "com.apple.product-type.application";
		};
/* End PBXNativeTarget section */

/* Begin PBXProject section */
		71C2E3791C5F7C33005F17B0 /* Project object */ = {
			isa = PBXProject;
			attributes = {
				LastSwiftUpdateCheck = 0720;
				LastUpgradeCheck = 0720;
				ORGANIZATIONNAME = "Alexandr Gaidukov";
				TargetAttributes = {
					71C2E3801C5F7C33005F17B0 = {
						CreatedOnToolsVersion = 7.2;
					};
				};
			};
			buildConfigurationList = 71C2E37C1C5F7C33005F17B0 /* Build configuration list for PBXProject "TwitterFeed" */;
			compatibilityVersion = "Xcode 3.2";
			developmentRegion = English;
			hasScannedForEncodings = 0;
			knownRegions = (
				en,
				Base,
			);
			mainGroup = 71C2E3781C5F7C33005F17B0;
			productRefGroup = 71C2E3821C5F7C33005F17B0 /* Products */;
			projectDirPath = "";
			projectRoot = "";
			targets = (
				71C2E3801C5F7C33005F17B0 /* TwitterFeed */,
			);
		};
/* End PBXProject section */

/* Begin PBXResourcesBuildPhase section */
		71C2E37F1C5F7C33005F17B0 /* Resources */ = {
			isa = PBXResourcesBuildPhase;
			buildActionMask = 2147483647;
			files = (
				71C2E3C51C60D7EB005F17B0 /* TFTweetCollectionViewCell.xib in Resources */,
				71C2E38F1C5F7C33005F17B0 /* LaunchScreen.storyboard in Resources */,
				71C2E38C1C5F7C33005F17B0 /* Assets.xcassets in Resources */,
				71C2E38A1C5F7C33005F17B0 /* Main.storyboard in Resources */,
				71C2E3B61C60CB0F005F17B0 /* Info.plist in Resources */,
			);
			runOnlyForDeploymentPostprocessing = 0;
		};
/* End PBXResourcesBuildPhase section */

/* Begin PBXSourcesBuildPhase section */
		71C2E37D1C5F7C33005F17B0 /* Sources */ = {
			isa = PBXSourcesBuildPhase;
			buildActionMask = 2147483647;
			files = (
				71C2E3BA1C60CB0F005F17B0 /* String+MD5.swift in Sources */,
				71C2E3B21C60CB0F005F17B0 /* ImageCache.swift in Sources */,
				71C2E39C1C5F7CA4005F17B0 /* TFTwitterAccessManager.swift in Sources */,
				71C2E3C11C60CB73005F17B0 /* TFTweetCollectionViewCell.swift in Sources */,
				71C2E3C71C60E271005F17B0 /* TFTweetPhoto.swift in Sources */,
				71C2E3B31C60CB0F005F17B0 /* ImageDownloader.swift in Sources */,
				71C2E3B81C60CB0F005F17B0 /* KingfisherOptionsInfo.swift in Sources */,
				71C2E3B71C60CB0F005F17B0 /* KingfisherManager.swift in Sources */,
				71C2E39F1C5FD037005F17B0 /* TFTweet.swift in Sources */,
				71C2E3871C5F7C33005F17B0 /* ViewController.swift in Sources */,
				71C2E3851C5F7C33005F17B0 /* AppDelegate.swift in Sources */,
				71C2E3BB1C60CB0F005F17B0 /* ThreadHelper.swift in Sources */,
				71C2E3C31C60CE10005F17B0 /* TFTweetsCollectionView.swift in Sources */,
				71C2E3BC1C60CB0F005F17B0 /* UIButton+Kingfisher.swift in Sources */,
				71C2E3B41C60CB0F005F17B0 /* ImageTransition.swift in Sources */,
				71C2E3B91C60CB0F005F17B0 /* Resource.swift in Sources */,
				71C2E3B11C60CB0F005F17B0 /* Image.swift in Sources */,
				71C2E3B51C60CB0F005F17B0 /* ImageView+Kingfisher.swift in Sources */,
			);
			runOnlyForDeploymentPostprocessing = 0;
		};
/* End PBXSourcesBuildPhase section */

/* Begin PBXVariantGroup section */
		71C2E3881C5F7C33005F17B0 /* Main.storyboard */ = {
			isa = PBXVariantGroup;
			children = (
				71C2E3891C5F7C33005F17B0 /* Base */,
			);
			name = Main.storyboard;
			sourceTree = "<group>";
		};
		71C2E38D1C5F7C33005F17B0 /* LaunchScreen.storyboard */ = {
			isa = PBXVariantGroup;
			children = (
				71C2E38E1C5F7C33005F17B0 /* Base */,
			);
			name = LaunchScreen.storyboard;
			sourceTree = "<group>";
		};
/* End PBXVariantGroup section */

/* Begin XCBuildConfiguration section */
		71C2E3911C5F7C33005F17B0 /* Debug */ = {
			isa = XCBuildConfiguration;
			buildSettings = {
				ALWAYS_SEARCH_USER_PATHS = NO;
				CLANG_CXX_LANGUAGE_STANDARD = "gnu++0x";
				CLANG_CXX_LIBRARY = "libc++";
				CLANG_ENABLE_MODULES = YES;
				CLANG_ENABLE_OBJC_ARC = YES;
				CLANG_WARN_BOOL_CONVERSION = YES;
				CLANG_WARN_CONSTANT_CONVERSION = YES;
				CLANG_WARN_DIRECT_OBJC_ISA_USAGE = YES_ERROR;
				CLANG_WARN_EMPTY_BODY = YES;
				CLANG_WARN_ENUM_CONVERSION = YES;
				CLANG_WARN_INT_CONVERSION = YES;
				CLANG_WARN_OBJC_ROOT_CLASS = YES_ERROR;
				CLANG_WARN_UNREACHABLE_CODE = YES;
				CLANG_WARN__DUPLICATE_METHOD_MATCH = YES;
				"CODE_SIGN_IDENTITY[sdk=iphoneos*]" = "iPhone Developer";
				COPY_PHASE_STRIP = NO;
				DEBUG_INFORMATION_FORMAT = dwarf;
				ENABLE_STRICT_OBJC_MSGSEND = YES;
				ENABLE_TESTABILITY = YES;
				GCC_C_LANGUAGE_STANDARD = gnu99;
				GCC_DYNAMIC_NO_PIC = NO;
				GCC_NO_COMMON_BLOCKS = YES;
				GCC_OPTIMIZATION_LEVEL = 0;
				GCC_PREPROCESSOR_DEFINITIONS = (
					"DEBUG=1",
					"$(inherited)",
				);
				GCC_WARN_64_TO_32_BIT_CONVERSION = YES;
				GCC_WARN_ABOUT_RETURN_TYPE = YES_ERROR;
				GCC_WARN_UNDECLARED_SELECTOR = YES;
				GCC_WARN_UNINITIALIZED_AUTOS = YES_AGGRESSIVE;
				GCC_WARN_UNUSED_FUNCTION = YES;
				GCC_WARN_UNUSED_VARIABLE = YES;
				IPHONEOS_DEPLOYMENT_TARGET = 9.0;
				MTL_ENABLE_DEBUG_INFO = YES;
				ONLY_ACTIVE_ARCH = YES;
				SDKROOT = iphoneos;
				SWIFT_OPTIMIZATION_LEVEL = "-Onone";
				TARGETED_DEVICE_FAMILY = "1,2";
			};
			name = Debug;
		};
		71C2E3921C5F7C33005F17B0 /* Release */ = {
			isa = XCBuildConfiguration;
			buildSettings = {
				ALWAYS_SEARCH_USER_PATHS = NO;
				CLANG_CXX_LANGUAGE_STANDARD = "gnu++0x";
				CLANG_CXX_LIBRARY = "libc++";
				CLANG_ENABLE_MODULES = YES;
				CLANG_ENABLE_OBJC_ARC = YES;
				CLANG_WARN_BOOL_CONVERSION = YES;
				CLANG_WARN_CONSTANT_CONVERSION = YES;
				CLANG_WARN_DIRECT_OBJC_ISA_USAGE = YES_ERROR;
				CLANG_WARN_EMPTY_BODY = YES;
				CLANG_WARN_ENUM_CONVERSION = YES;
				CLANG_WARN_INT_CONVERSION = YES;
				CLANG_WARN_OBJC_ROOT_CLASS = YES_ERROR;
				CLANG_WARN_UNREACHABLE_CODE = YES;
				CLANG_WARN__DUPLICATE_METHOD_MATCH = YES;
				"CODE_SIGN_IDENTITY[sdk=iphoneos*]" = "iPhone Developer";
				COPY_PHASE_STRIP = NO;
				DEBUG_INFORMATION_FORMAT = "dwarf-with-dsym";
				ENABLE_NS_ASSERTIONS = NO;
				ENABLE_STRICT_OBJC_MSGSEND = YES;
				GCC_C_LANGUAGE_STANDARD = gnu99;
				GCC_NO_COMMON_BLOCKS = YES;
				GCC_WARN_64_TO_32_BIT_CONVERSION = YES;
				GCC_WARN_ABOUT_RETURN_TYPE = YES_ERROR;
				GCC_WARN_UNDECLARED_SELECTOR = YES;
				GCC_WARN_UNINITIALIZED_AUTOS = YES_AGGRESSIVE;
				GCC_WARN_UNUSED_FUNCTION = YES;
				GCC_WARN_UNUSED_VARIABLE = YES;
				IPHONEOS_DEPLOYMENT_TARGET = 9.0;
				MTL_ENABLE_DEBUG_INFO = NO;
				SDKROOT = iphoneos;
				TARGETED_DEVICE_FAMILY = "1,2";
				VALIDATE_PRODUCT = YES;
			};
			name = Release;
		};
		71C2E3941C5F7C33005F17B0 /* Debug */ = {
			isa = XCBuildConfiguration;
			buildSettings = {
				ASSETCATALOG_COMPILER_APPICON_NAME = AppIcon;
				INFOPLIST_FILE = TwitterFeed/Info.plist;
				IPHONEOS_DEPLOYMENT_TARGET = 9.0;
				LD_RUNPATH_SEARCH_PATHS = "$(inherited) @executable_path/Frameworks";
				PRODUCT_BUNDLE_IDENTIFIER = com.alexandergaidukov.TwitterFeed;
				PRODUCT_NAME = "$(TARGET_NAME)";
			};
			name = Debug;
		};
		71C2E3951C5F7C33005F17B0 /* Release */ = {
			isa = XCBuildConfiguration;
			buildSettings = {
				ASSETCATALOG_COMPILER_APPICON_NAME = AppIcon;
				INFOPLIST_FILE = TwitterFeed/Info.plist;
				IPHONEOS_DEPLOYMENT_TARGET = 9.0;
				LD_RUNPATH_SEARCH_PATHS = "$(inherited) @executable_path/Frameworks";
				PRODUCT_BUNDLE_IDENTIFIER = com.alexandergaidukov.TwitterFeed;
				PRODUCT_NAME = "$(TARGET_NAME)";
			};
			name = Release;
		};
/* End XCBuildConfiguration section */

/* Begin XCConfigurationList section */
		71C2E37C1C5F7C33005F17B0 /* Build configuration list for PBXProject "TwitterFeed" */ = {
			isa = XCConfigurationList;
			buildConfigurations = (
				71C2E3911C5F7C33005F17B0 /* Debug */,
				71C2E3921C5F7C33005F17B0 /* Release */,
			);
			defaultConfigurationIsVisible = 0;
			defaultConfigurationName = Release;
		};
		71C2E3931C5F7C33005F17B0 /* Build configuration list for PBXNativeTarget "TwitterFeed" */ = {
			isa = XCConfigurationList;
			buildConfigurations = (
				71C2E3941C5F7C33005F17B0 /* Debug */,
				71C2E3951C5F7C33005F17B0 /* Release */,
			);
			defaultConfigurationIsVisible = 0;
			defaultConfigurationName = Release;
		};
/* End XCConfigurationList section */
	};
	rootObject = 71C2E3791C5F7C33005F17B0 /* Project object */;
}
